// !$*UTF8*$!
{
	archiveVersion = 1;
	classes = {
	};
	objectVersion = 51;
	objects = {

/* Begin PBXBuildFile section */
		7BDAF26CA9645628BEC21577 /* Pods_DiaryAppPTests.framework in Frameworks */ = {isa = PBXBuildFile; fileRef = 82033AEB9A7D435BFE24067E /* Pods_DiaryAppPTests.framework */; };
		9A904A9E0AE1093D12315FD0 /* Pods_DiaryAppP_DiaryAppPUITests.framework in Frameworks */ = {isa = PBXBuildFile; fileRef = FA75305979176D691C9DA4C8 /* Pods_DiaryAppP_DiaryAppPUITests.framework */; };
		CB36BF054C056B35704EB947 /* Pods_DiaryAppP.framework in Frameworks */ = {isa = PBXBuildFile; fileRef = 8744B4D6DB44B09E79D686E6 /* Pods_DiaryAppP.framework */; };
		DAC5A46924557AF200DFB2D1 /* AppDelegate.swift in Sources */ = {isa = PBXBuildFile; fileRef = DAC5A46824557AF200DFB2D1 /* AppDelegate.swift */; };
		DAC5A46B24557AF200DFB2D1 /* SceneDelegate.swift in Sources */ = {isa = PBXBuildFile; fileRef = DAC5A46A24557AF200DFB2D1 /* SceneDelegate.swift */; };
		DAC5A46D24557AF200DFB2D1 /* ViewController.swift in Sources */ = {isa = PBXBuildFile; fileRef = DAC5A46C24557AF200DFB2D1 /* ViewController.swift */; };
		DAC5A47024557AF200DFB2D1 /* Main.storyboard in Resources */ = {isa = PBXBuildFile; fileRef = DAC5A46E24557AF200DFB2D1 /* Main.storyboard */; };
		DAC5A47224557AF300DFB2D1 /* Assets.xcassets in Resources */ = {isa = PBXBuildFile; fileRef = DAC5A47124557AF300DFB2D1 /* Assets.xcassets */; };
		DAC5A47524557AF300DFB2D1 /* LaunchScreen.storyboard in Resources */ = {isa = PBXBuildFile; fileRef = DAC5A47324557AF300DFB2D1 /* LaunchScreen.storyboard */; };
		DAC5A48024557AF300DFB2D1 /* DiaryAppPTests.swift in Sources */ = {isa = PBXBuildFile; fileRef = DAC5A47F24557AF300DFB2D1 /* DiaryAppPTests.swift */; };
		DAC5A48B24557AF300DFB2D1 /* DiaryAppPUITests.swift in Sources */ = {isa = PBXBuildFile; fileRef = DAC5A48A24557AF300DFB2D1 /* DiaryAppPUITests.swift */; };
		DAE258DA24558AF200C79DC4 /* Diary.swift in Sources */ = {isa = PBXBuildFile; fileRef = DAE258D924558AF200C79DC4 /* Diary.swift */; };
		DAE258DC24558F6300C79DC4 /* DiaryViewController.swift in Sources */ = {isa = PBXBuildFile; fileRef = DAE258DB24558F6300C79DC4 /* DiaryViewController.swift */; };
/* End PBXBuildFile section */

/* Begin PBXContainerItemProxy section */
		DAC5A47C24557AF300DFB2D1 /* PBXContainerItemProxy */ = {
			isa = PBXContainerItemProxy;
			containerPortal = DAC5A45D24557AF200DFB2D1 /* Project object */;
			proxyType = 1;
			remoteGlobalIDString = DAC5A46424557AF200DFB2D1;
			remoteInfo = DiaryAppP;
		};
		DAC5A48724557AF300DFB2D1 /* PBXContainerItemProxy */ = {
			isa = PBXContainerItemProxy;
			containerPortal = DAC5A45D24557AF200DFB2D1 /* Project object */;
			proxyType = 1;
			remoteGlobalIDString = DAC5A46424557AF200DFB2D1;
			remoteInfo = DiaryAppP;
		};
/* End PBXContainerItemProxy section */

/* Begin PBXFileReference section */
		062799A6D51BF66CBDAEC830 /* Pods-DiaryAppP.release.xcconfig */ = {isa = PBXFileReference; includeInIndex = 1; lastKnownFileType = text.xcconfig; name = "Pods-DiaryAppP.release.xcconfig"; path = "Target Support Files/Pods-DiaryAppP/Pods-DiaryAppP.release.xcconfig"; sourceTree = "<group>"; };
		0AA56754FFA2D03336F084F8 /* Pods-DiaryAppP.debug.xcconfig */ = {isa = PBXFileReference; includeInIndex = 1; lastKnownFileType = text.xcconfig; name = "Pods-DiaryAppP.debug.xcconfig"; path = "Target Support Files/Pods-DiaryAppP/Pods-DiaryAppP.debug.xcconfig"; sourceTree = "<group>"; };
		29239913933A5B8D9593D2FC /* Pods-DiaryAppPTests.release.xcconfig */ = {isa = PBXFileReference; includeInIndex = 1; lastKnownFileType = text.xcconfig; name = "Pods-DiaryAppPTests.release.xcconfig"; path = "Target Support Files/Pods-DiaryAppPTests/Pods-DiaryAppPTests.release.xcconfig"; sourceTree = "<group>"; };
		82033AEB9A7D435BFE24067E /* Pods_DiaryAppPTests.framework */ = {isa = PBXFileReference; explicitFileType = wrapper.framework; includeInIndex = 0; path = Pods_DiaryAppPTests.framework; sourceTree = BUILT_PRODUCTS_DIR; };
		8744B4D6DB44B09E79D686E6 /* Pods_DiaryAppP.framework */ = {isa = PBXFileReference; explicitFileType = wrapper.framework; includeInIndex = 0; path = Pods_DiaryAppP.framework; sourceTree = BUILT_PRODUCTS_DIR; };
		A171DB855C53B0AA64EF6674 /* Pods-DiaryAppP-DiaryAppPUITests.release.xcconfig */ = {isa = PBXFileReference; includeInIndex = 1; lastKnownFileType = text.xcconfig; name = "Pods-DiaryAppP-DiaryAppPUITests.release.xcconfig"; path = "Target Support Files/Pods-DiaryAppP-DiaryAppPUITests/Pods-DiaryAppP-DiaryAppPUITests.release.xcconfig"; sourceTree = "<group>"; };
		B881058B2B72D61BB8EE0CFB /* Pods-DiaryAppP-DiaryAppPUITests.debug.xcconfig */ = {isa = PBXFileReference; includeInIndex = 1; lastKnownFileType = text.xcconfig; name = "Pods-DiaryAppP-DiaryAppPUITests.debug.xcconfig"; path = "Target Support Files/Pods-DiaryAppP-DiaryAppPUITests/Pods-DiaryAppP-DiaryAppPUITests.debug.xcconfig"; sourceTree = "<group>"; };
		DAC5A46524557AF200DFB2D1 /* DiaryAppP.app */ = {isa = PBXFileReference; explicitFileType = wrapper.application; includeInIndex = 0; path = DiaryAppP.app; sourceTree = BUILT_PRODUCTS_DIR; };
		DAC5A46824557AF200DFB2D1 /* AppDelegate.swift */ = {isa = PBXFileReference; lastKnownFileType = sourcecode.swift; path = AppDelegate.swift; sourceTree = "<group>"; };
		DAC5A46A24557AF200DFB2D1 /* SceneDelegate.swift */ = {isa = PBXFileReference; lastKnownFileType = sourcecode.swift; path = SceneDelegate.swift; sourceTree = "<group>"; };
		DAC5A46C24557AF200DFB2D1 /* ViewController.swift */ = {isa = PBXFileReference; lastKnownFileType = sourcecode.swift; path = ViewController.swift; sourceTree = "<group>"; };
		DAC5A46F24557AF200DFB2D1 /* Base */ = {isa = PBXFileReference; lastKnownFileType = file.storyboard; name = Base; path = Base.lproj/Main.storyboard; sourceTree = "<group>"; };
		DAC5A47124557AF300DFB2D1 /* Assets.xcassets */ = {isa = PBXFileReference; lastKnownFileType = folder.assetcatalog; path = Assets.xcassets; sourceTree = "<group>"; };
		DAC5A47424557AF300DFB2D1 /* Base */ = {isa = PBXFileReference; lastKnownFileType = file.storyboard; name = Base; path = Base.lproj/LaunchScreen.storyboard; sourceTree = "<group>"; };
		DAC5A47624557AF300DFB2D1 /* Info.plist */ = {isa = PBXFileReference; lastKnownFileType = text.plist.xml; path = Info.plist; sourceTree = "<group>"; };
		DAC5A47B24557AF300DFB2D1 /* DiaryAppPTests.xctest */ = {isa = PBXFileReference; explicitFileType = wrapper.cfbundle; includeInIndex = 0; path = DiaryAppPTests.xctest; sourceTree = BUILT_PRODUCTS_DIR; };
		DAC5A47F24557AF300DFB2D1 /* DiaryAppPTests.swift */ = {isa = PBXFileReference; lastKnownFileType = sourcecode.swift; path = DiaryAppPTests.swift; sourceTree = "<group>"; };
		DAC5A48124557AF300DFB2D1 /* Info.plist */ = {isa = PBXFileReference; lastKnownFileType = text.plist.xml; path = Info.plist; sourceTree = "<group>"; };
		DAC5A48624557AF300DFB2D1 /* DiaryAppPUITests.xctest */ = {isa = PBXFileReference; explicitFileType = wrapper.cfbundle; includeInIndex = 0; path = DiaryAppPUITests.xctest; sourceTree = BUILT_PRODUCTS_DIR; };
		DAC5A48A24557AF300DFB2D1 /* DiaryAppPUITests.swift */ = {isa = PBXFileReference; lastKnownFileType = sourcecode.swift; path = DiaryAppPUITests.swift; sourceTree = "<group>"; };
		DAC5A48C24557AF300DFB2D1 /* Info.plist */ = {isa = PBXFileReference; lastKnownFileType = text.plist.xml; path = Info.plist; sourceTree = "<group>"; };
		DAE258D924558AF200C79DC4 /* Diary.swift */ = {isa = PBXFileReference; lastKnownFileType = sourcecode.swift; path = Diary.swift; sourceTree = "<group>"; };
		DAE258DB24558F6300C79DC4 /* DiaryViewController.swift */ = {isa = PBXFileReference; lastKnownFileType = sourcecode.swift; path = DiaryViewController.swift; sourceTree = "<group>"; };
		EE34948776F81A755CDD859D /* Pods-DiaryAppPTests.debug.xcconfig */ = {isa = PBXFileReference; includeInIndex = 1; lastKnownFileType = text.xcconfig; name = "Pods-DiaryAppPTests.debug.xcconfig"; path = "Target Support Files/Pods-DiaryAppPTests/Pods-DiaryAppPTests.debug.xcconfig"; sourceTree = "<group>"; };
		FA75305979176D691C9DA4C8 /* Pods_DiaryAppP_DiaryAppPUITests.framework */ = {isa = PBXFileReference; explicitFileType = wrapper.framework; includeInIndex = 0; path = Pods_DiaryAppP_DiaryAppPUITests.framework; sourceTree = BUILT_PRODUCTS_DIR; };
/* End PBXFileReference section */

/* Begin PBXFrameworksBuildPhase section */
		DAC5A46224557AF200DFB2D1 /* Frameworks */ = {
			isa = PBXFrameworksBuildPhase;
			buildActionMask = 2147483647;
			files = (
				CB36BF054C056B35704EB947 /* Pods_DiaryAppP.framework in Frameworks */,
			);
			runOnlyForDeploymentPostprocessing = 0;
		};
		DAC5A47824557AF300DFB2D1 /* Frameworks */ = {
			isa = PBXFrameworksBuildPhase;
			buildActionMask = 2147483647;
			files = (
				7BDAF26CA9645628BEC21577 /* Pods_DiaryAppPTests.framework in Frameworks */,
			);
			runOnlyForDeploymentPostprocessing = 0;
		};
		DAC5A48324557AF300DFB2D1 /* Frameworks */ = {
			isa = PBXFrameworksBuildPhase;
			buildActionMask = 2147483647;
			files = (
				9A904A9E0AE1093D12315FD0 /* Pods_DiaryAppP_DiaryAppPUITests.framework in Frameworks */,
			);
			runOnlyForDeploymentPostprocessing = 0;
		};
/* End PBXFrameworksBuildPhase section */

/* Begin PBXGroup section */
		82EE9D73BDB66757EF8869AD /* Frameworks */ = {
			isa = PBXGroup;
			children = (
				8744B4D6DB44B09E79D686E6 /* Pods_DiaryAppP.framework */,
				FA75305979176D691C9DA4C8 /* Pods_DiaryAppP_DiaryAppPUITests.framework */,
				82033AEB9A7D435BFE24067E /* Pods_DiaryAppPTests.framework */,
			);
			name = Frameworks;
			sourceTree = "<group>";
		};
		841340F95B5D9FBBA5C668E9 /* Pods */ = {
			isa = PBXGroup;
			children = (
				0AA56754FFA2D03336F084F8 /* Pods-DiaryAppP.debug.xcconfig */,
				062799A6D51BF66CBDAEC830 /* Pods-DiaryAppP.release.xcconfig */,
				B881058B2B72D61BB8EE0CFB /* Pods-DiaryAppP-DiaryAppPUITests.debug.xcconfig */,
				A171DB855C53B0AA64EF6674 /* Pods-DiaryAppP-DiaryAppPUITests.release.xcconfig */,
				EE34948776F81A755CDD859D /* Pods-DiaryAppPTests.debug.xcconfig */,
				29239913933A5B8D9593D2FC /* Pods-DiaryAppPTests.release.xcconfig */,
			);
			path = Pods;
			sourceTree = "<group>";
		};
		DAC5A45C24557AF200DFB2D1 = {
			isa = PBXGroup;
			children = (
				DAC5A46724557AF200DFB2D1 /* DiaryAppP */,
				DAC5A47E24557AF300DFB2D1 /* DiaryAppPTests */,
				DAC5A48924557AF300DFB2D1 /* DiaryAppPUITests */,
				DAC5A46624557AF200DFB2D1 /* Products */,
				841340F95B5D9FBBA5C668E9 /* Pods */,
				82EE9D73BDB66757EF8869AD /* Frameworks */,
			);
			sourceTree = "<group>";
		};
		DAC5A46624557AF200DFB2D1 /* Products */ = {
			isa = PBXGroup;
			children = (
				DAC5A46524557AF200DFB2D1 /* DiaryAppP.app */,
				DAC5A47B24557AF300DFB2D1 /* DiaryAppPTests.xctest */,
				DAC5A48624557AF300DFB2D1 /* DiaryAppPUITests.xctest */,
			);
			name = Products;
			sourceTree = "<group>";
		};
		DAC5A46724557AF200DFB2D1 /* DiaryAppP */ = {
			isa = PBXGroup;
			children = (
				DAC5A46824557AF200DFB2D1 /* AppDelegate.swift */,
				DAC5A46A24557AF200DFB2D1 /* SceneDelegate.swift */,
				DAC5A46C24557AF200DFB2D1 /* ViewController.swift */,
				DAE258D924558AF200C79DC4 /* Diary.swift */,
				DAC5A46E24557AF200DFB2D1 /* Main.storyboard */,
				DAE258DB24558F6300C79DC4 /* DiaryViewController.swift */,
				DAC5A47124557AF300DFB2D1 /* Assets.xcassets */,
				DAC5A47324557AF300DFB2D1 /* LaunchScreen.storyboard */,
				DAC5A47624557AF300DFB2D1 /* Info.plist */,
			);
			path = DiaryAppP;
			sourceTree = "<group>";
		};
		DAC5A47E24557AF300DFB2D1 /* DiaryAppPTests */ = {
			isa = PBXGroup;
			children = (
				DAC5A47F24557AF300DFB2D1 /* DiaryAppPTests.swift */,
				DAC5A48124557AF300DFB2D1 /* Info.plist */,
			);
			path = DiaryAppPTests;
			sourceTree = "<group>";
		};
		DAC5A48924557AF300DFB2D1 /* DiaryAppPUITests */ = {
			isa = PBXGroup;
			children = (
				DAC5A48A24557AF300DFB2D1 /* DiaryAppPUITests.swift */,
				DAC5A48C24557AF300DFB2D1 /* Info.plist */,
			);
			path = DiaryAppPUITests;
			sourceTree = "<group>";
		};
/* End PBXGroup section */

/* Begin PBXNativeTarget section */
		DAC5A46424557AF200DFB2D1 /* DiaryAppP */ = {
			isa = PBXNativeTarget;
			buildConfigurationList = DAC5A48F24557AF300DFB2D1 /* Build configuration list for PBXNativeTarget "DiaryAppP" */;
			buildPhases = (
				91216C5F4326635BEA796AD1 /* [CP] Check Pods Manifest.lock */,
				DAC5A46124557AF200DFB2D1 /* Sources */,
				DAC5A46224557AF200DFB2D1 /* Frameworks */,
				DAC5A46324557AF200DFB2D1 /* Resources */,
				91A870199685786DE324410E /* [CP] Embed Pods Frameworks */,
			);
			buildRules = (
			);
			dependencies = (
			);
			name = DiaryAppP;
			productName = DiaryAppP;
			productReference = DAC5A46524557AF200DFB2D1 /* DiaryAppP.app */;
			productType = "com.apple.product-type.application";
		};
		DAC5A47A24557AF300DFB2D1 /* DiaryAppPTests */ = {
			isa = PBXNativeTarget;
			buildConfigurationList = DAC5A49224557AF300DFB2D1 /* Build configuration list for PBXNativeTarget "DiaryAppPTests" */;
			buildPhases = (
				ED0DFD640113E153358CFDA5 /* [CP] Check Pods Manifest.lock */,
				DAC5A47724557AF300DFB2D1 /* Sources */,
				DAC5A47824557AF300DFB2D1 /* Frameworks */,
				DAC5A47924557AF300DFB2D1 /* Resources */,
			);
			buildRules = (
			);
			dependencies = (
				DAC5A47D24557AF300DFB2D1 /* PBXTargetDependency */,
			);
			name = DiaryAppPTests;
			productName = DiaryAppPTests;
			productReference = DAC5A47B24557AF300DFB2D1 /* DiaryAppPTests.xctest */;
			productType = "com.apple.product-type.bundle.unit-test";
		};
		DAC5A48524557AF300DFB2D1 /* DiaryAppPUITests */ = {
			isa = PBXNativeTarget;
			buildConfigurationList = DAC5A49524557AF300DFB2D1 /* Build configuration list for PBXNativeTarget "DiaryAppPUITests" */;
			buildPhases = (
				611AEF35BA377C2B2154F0EA /* [CP] Check Pods Manifest.lock */,
				DAC5A48224557AF300DFB2D1 /* Sources */,
				DAC5A48324557AF300DFB2D1 /* Frameworks */,
				DAC5A48424557AF300DFB2D1 /* Resources */,
				AD546299909EA8B2DC4D3FF7 /* [CP] Embed Pods Frameworks */,
			);
			buildRules = (
			);
			dependencies = (
				DAC5A48824557AF300DFB2D1 /* PBXTargetDependency */,
			);
			name = DiaryAppPUITests;
			productName = DiaryAppPUITests;
			productReference = DAC5A48624557AF300DFB2D1 /* DiaryAppPUITests.xctest */;
			productType = "com.apple.product-type.bundle.ui-testing";
		};
/* End PBXNativeTarget section */

/* Begin PBXProject section */
		DAC5A45D24557AF200DFB2D1 /* Project object */ = {
			isa = PBXProject;
			attributes = {
				LastSwiftUpdateCheck = 1140;
				LastUpgradeCheck = 1140;
				ORGANIZATIONNAME = "Itou Shingo";
				TargetAttributes = {
					DAC5A46424557AF200DFB2D1 = {
						CreatedOnToolsVersion = 11.4.1;
					};
					DAC5A47A24557AF300DFB2D1 = {
						CreatedOnToolsVersion = 11.4.1;
						TestTargetID = DAC5A46424557AF200DFB2D1;
					};
					DAC5A48524557AF300DFB2D1 = {
						CreatedOnToolsVersion = 11.4.1;
						TestTargetID = DAC5A46424557AF200DFB2D1;
					};
				};
			};
			buildConfigurationList = DAC5A46024557AF200DFB2D1 /* Build configuration list for PBXProject "DiaryAppP" */;
			compatibilityVersion = "Xcode 9.3";
			developmentRegion = en;
			hasScannedForEncodings = 0;
			knownRegions = (
				en,
				Base,
			);
			mainGroup = DAC5A45C24557AF200DFB2D1;
			productRefGroup = DAC5A46624557AF200DFB2D1 /* Products */;
			projectDirPath = "";
			projectRoot = "";
			targets = (
				DAC5A46424557AF200DFB2D1 /* DiaryAppP */,
				DAC5A47A24557AF300DFB2D1 /* DiaryAppPTests */,
				DAC5A48524557AF300DFB2D1 /* DiaryAppPUITests */,
			);
		};
/* End PBXProject section */

/* Begin PBXResourcesBuildPhase section */
		DAC5A46324557AF200DFB2D1 /* Resources */ = {
			isa = PBXResourcesBuildPhase;
			buildActionMask = 2147483647;
			files = (
				DAC5A47524557AF300DFB2D1 /* LaunchScreen.storyboard in Resources */,
				DAC5A47224557AF300DFB2D1 /* Assets.xcassets in Resources */,
				DAC5A47024557AF200DFB2D1 /* Main.storyboard in Resources */,
			);
			runOnlyForDeploymentPostprocessing = 0;
		};
		DAC5A47924557AF300DFB2D1 /* Resources */ = {
			isa = PBXResourcesBuildPhase;
			buildActionMask = 2147483647;
			files = (
			);
			runOnlyForDeploymentPostprocessing = 0;
		};
		DAC5A48424557AF300DFB2D1 /* Resources */ = {
			isa = PBXResourcesBuildPhase;
			buildActionMask = 2147483647;
			files = (
			);
			runOnlyForDeploymentPostprocessing = 0;
		};
/* End PBXResourcesBuildPhase section */

/* Begin PBXShellScriptBuildPhase section */
		611AEF35BA377C2B2154F0EA /* [CP] Check Pods Manifest.lock */ = {
			isa = PBXShellScriptBuildPhase;
			buildActionMask = 2147483647;
			files = (
			);
			inputFileListPaths = (
			);
			inputPaths = (
				"${PODS_PODFILE_DIR_PATH}/Podfile.lock",
				"${PODS_ROOT}/Manifest.lock",
			);
			name = "[CP] Check Pods Manifest.lock";
			outputFileListPaths = (
			);
			outputPaths = (
				"$(DERIVED_FILE_DIR)/Pods-DiaryAppP-DiaryAppPUITests-checkManifestLockResult.txt",
			);
			runOnlyForDeploymentPostprocessing = 0;
			shellPath = /bin/sh;
			shellScript = "diff \"${PODS_PODFILE_DIR_PATH}/Podfile.lock\" \"${PODS_ROOT}/Manifest.lock\" > /dev/null\nif [ $? != 0 ] ; then\n    # print error to STDERR\n    echo \"error: The sandbox is not in sync with the Podfile.lock. Run 'pod install' or update your CocoaPods installation.\" >&2\n    exit 1\nfi\n# This output is used by Xcode 'outputs' to avoid re-running this script phase.\necho \"SUCCESS\" > \"${SCRIPT_OUTPUT_FILE_0}\"\n";
			showEnvVarsInLog = 0;
		};
		91216C5F4326635BEA796AD1 /* [CP] Check Pods Manifest.lock */ = {
			isa = PBXShellScriptBuildPhase;
			buildActionMask = 2147483647;
			files = (
			);
			inputFileListPaths = (
			);
			inputPaths = (
				"${PODS_PODFILE_DIR_PATH}/Podfile.lock",
				"${PODS_ROOT}/Manifest.lock",
			);
			name = "[CP] Check Pods Manifest.lock";
			outputFileListPaths = (
			);
			outputPaths = (
				"$(DERIVED_FILE_DIR)/Pods-DiaryAppP-checkManifestLockResult.txt",
			);
			runOnlyForDeploymentPostprocessing = 0;
			shellPath = /bin/sh;
			shellScript = "diff \"${PODS_PODFILE_DIR_PATH}/Podfile.lock\" \"${PODS_ROOT}/Manifest.lock\" > /dev/null\nif [ $? != 0 ] ; then\n    # print error to STDERR\n    echo \"error: The sandbox is not in sync with the Podfile.lock. Run 'pod install' or update your CocoaPods installation.\" >&2\n    exit 1\nfi\n# This output is used by Xcode 'outputs' to avoid re-running this script phase.\necho \"SUCCESS\" > \"${SCRIPT_OUTPUT_FILE_0}\"\n";
			showEnvVarsInLog = 0;
		};
		91A870199685786DE324410E /* [CP] Embed Pods Frameworks */ = {
			isa = PBXShellScriptBuildPhase;
			buildActionMask = 2147483647;
			files = (
			);
			inputFileListPaths = (
				"${PODS_ROOT}/Target Support Files/Pods-DiaryAppP/Pods-DiaryAppP-frameworks-${CONFIGURATION}-input-files.xcfilelist",
			);
			name = "[CP] Embed Pods Frameworks";
			outputFileListPaths = (
				"${PODS_ROOT}/Target Support Files/Pods-DiaryAppP/Pods-DiaryAppP-frameworks-${CONFIGURATION}-output-files.xcfilelist",
			);
			runOnlyForDeploymentPostprocessing = 0;
			shellPath = /bin/sh;
			shellScript = "\"${PODS_ROOT}/Target Support Files/Pods-DiaryAppP/Pods-DiaryAppP-frameworks.sh\"\n";
			showEnvVarsInLog = 0;
		};
		AD546299909EA8B2DC4D3FF7 /* [CP] Embed Pods Frameworks */ = {
			isa = PBXShellScriptBuildPhase;
			buildActionMask = 2147483647;
			files = (
			);
			inputFileListPaths = (
				"${PODS_ROOT}/Target Support Files/Pods-DiaryAppP-DiaryAppPUITests/Pods-DiaryAppP-DiaryAppPUITests-frameworks-${CONFIGURATION}-input-files.xcfilelist",
			);
			name = "[CP] Embed Pods Frameworks";
			outputFileListPaths = (
				"${PODS_ROOT}/Target Support Files/Pods-DiaryAppP-DiaryAppPUITests/Pods-DiaryAppP-DiaryAppPUITests-frameworks-${CONFIGURATION}-output-files.xcfilelist",
			);
			runOnlyForDeploymentPostprocessing = 0;
			shellPath = /bin/sh;
			shellScript = "\"${PODS_ROOT}/Target Support Files/Pods-DiaryAppP-DiaryAppPUITests/Pods-DiaryAppP-DiaryAppPUITests-frameworks.sh\"\n";
			showEnvVarsInLog = 0;
		};
		ED0DFD640113E153358CFDA5 /* [CP] Check Pods Manifest.lock */ = {
			isa = PBXShellScriptBuildPhase;
			buildActionMask = 2147483647;
			files = (
			);
			inputFileListPaths = (
			);
			inputPaths = (
				"${PODS_PODFILE_DIR_PATH}/Podfile.lock",
				"${PODS_ROOT}/Manifest.lock",
			);
			name = "[CP] Check Pods Manifest.lock";
			outputFileListPaths = (
			);
			outputPaths = (
				"$(DERIVED_FILE_DIR)/Pods-DiaryAppPTests-checkManifestLockResult.txt",
			);
			runOnlyForDeploymentPostprocessing = 0;
			shellPath = /bin/sh;
			shellScript = "diff \"${PODS_PODFILE_DIR_PATH}/Podfile.lock\" \"${PODS_ROOT}/Manifest.lock\" > /dev/null\nif [ $? != 0 ] ; then\n    # print error to STDERR\n    echo \"error: The sandbox is not in sync with the Podfile.lock. Run 'pod install' or update your CocoaPods installation.\" >&2\n    exit 1\nfi\n# This output is used by Xcode 'outputs' to avoid re-running this script phase.\necho \"SUCCESS\" > \"${SCRIPT_OUTPUT_FILE_0}\"\n";
			showEnvVarsInLog = 0;
		};
/* End PBXShellScriptBuildPhase section */

/* Begin PBXSourcesBuildPhase section */
		DAC5A46124557AF200DFB2D1 /* Sources */ = {
			isa = PBXSourcesBuildPhase;
			buildActionMask = 2147483647;
			files = (
				DAC5A46D24557AF200DFB2D1 /* ViewController.swift in Sources */,
				DAE258DC24558F6300C79DC4 /* DiaryViewController.swift in Sources */,
				DAC5A46924557AF200DFB2D1 /* AppDelegate.swift in Sources */,
				DAC5A46B24557AF200DFB2D1 /* SceneDelegate.swift in Sources */,
				DAE258DA24558AF200C79DC4 /* Diary.swift in Sources */,
			);
			runOnlyForDeploymentPostprocessing = 0;
		};
		DAC5A47724557AF300DFB2D1 /* Sources */ = {
			isa = PBXSourcesBuildPhase;
			buildActionMask = 2147483647;
			files = (
				DAC5A48024557AF300DFB2D1 /* DiaryAppPTests.swift in Sources */,
			);
			runOnlyForDeploymentPostprocessing = 0;
		};
		DAC5A48224557AF300DFB2D1 /* Sources */ = {
			isa = PBXSourcesBuildPhase;
			buildActionMask = 2147483647;
			files = (
				DAC5A48B24557AF300DFB2D1 /* DiaryAppPUITests.swift in Sources */,
			);
			runOnlyForDeploymentPostprocessing = 0;
		};
/* End PBXSourcesBuildPhase section */

/* Begin PBXTargetDependency section */
		DAC5A47D24557AF300DFB2D1 /* PBXTargetDependency */ = {
			isa = PBXTargetDependency;
			target = DAC5A46424557AF200DFB2D1 /* DiaryAppP */;
			targetProxy = DAC5A47C24557AF300DFB2D1 /* PBXContainerItemProxy */;
		};
		DAC5A48824557AF300DFB2D1 /* PBXTargetDependency */ = {
			isa = PBXTargetDependency;
			target = DAC5A46424557AF200DFB2D1 /* DiaryAppP */;
			targetProxy = DAC5A48724557AF300DFB2D1 /* PBXContainerItemProxy */;
		};
/* End PBXTargetDependency section */

/* Begin PBXVariantGroup section */
		DAC5A46E24557AF200DFB2D1 /* Main.storyboard */ = {
			isa = PBXVariantGroup;
			children = (
				DAC5A46F24557AF200DFB2D1 /* Base */,
			);
			name = Main.storyboard;
			sourceTree = "<group>";
		};
		DAC5A47324557AF300DFB2D1 /* LaunchScreen.storyboard */ = {
			isa = PBXVariantGroup;
			children = (
				DAC5A47424557AF300DFB2D1 /* Base */,
			);
			name = LaunchScreen.storyboard;
			sourceTree = "<group>";
		};
/* End PBXVariantGroup section */

/* Begin XCBuildConfiguration section */
		DAC5A48D24557AF300DFB2D1 /* Debug */ = {
			isa = XCBuildConfiguration;
			buildSettings = {
				ALWAYS_SEARCH_USER_PATHS = NO;
				CLANG_ANALYZER_NONNULL = YES;
				CLANG_ANALYZER_NUMBER_OBJECT_CONVERSION = YES_AGGRESSIVE;
				CLANG_CXX_LANGUAGE_STANDARD = "gnu++14";
				CLANG_CXX_LIBRARY = "libc++";
				CLANG_ENABLE_MODULES = YES;
				CLANG_ENABLE_OBJC_ARC = YES;
				CLANG_ENABLE_OBJC_WEAK = YES;
				CLANG_WARN_BLOCK_CAPTURE_AUTORELEASING = YES;
				CLANG_WARN_BOOL_CONVERSION = YES;
				CLANG_WARN_COMMA = YES;
				CLANG_WARN_CONSTANT_CONVERSION = YES;
				CLANG_WARN_DEPRECATED_OBJC_IMPLEMENTATIONS = YES;
				CLANG_WARN_DIRECT_OBJC_ISA_USAGE = YES_ERROR;
				CLANG_WARN_DOCUMENTATION_COMMENTS = YES;
				CLANG_WARN_EMPTY_BODY = YES;
				CLANG_WARN_ENUM_CONVERSION = YES;
				CLANG_WARN_INFINITE_RECURSION = YES;
				CLANG_WARN_INT_CONVERSION = YES;
				CLANG_WARN_NON_LITERAL_NULL_CONVERSION = YES;
				CLANG_WARN_OBJC_IMPLICIT_RETAIN_SELF = YES;
				CLANG_WARN_OBJC_LITERAL_CONVERSION = YES;
				CLANG_WARN_OBJC_ROOT_CLASS = YES_ERROR;
				CLANG_WARN_RANGE_LOOP_ANALYSIS = YES;
				CLANG_WARN_STRICT_PROTOTYPES = YES;
				CLANG_WARN_SUSPICIOUS_MOVE = YES;
				CLANG_WARN_UNGUARDED_AVAILABILITY = YES_AGGRESSIVE;
				CLANG_WARN_UNREACHABLE_CODE = YES;
				CLANG_WARN__DUPLICATE_METHOD_MATCH = YES;
				COPY_PHASE_STRIP = NO;
				DEBUG_INFORMATION_FORMAT = dwarf;
				ENABLE_STRICT_OBJC_MSGSEND = YES;
				ENABLE_TESTABILITY = YES;
				GCC_C_LANGUAGE_STANDARD = gnu11;
				GCC_DYNAMIC_NO_PIC = NO;
				GCC_NO_COMMON_BLOCKS = YES;
				GCC_OPTIMIZATION_LEVEL = 0;
				GCC_PREPROCESSOR_DEFINITIONS = (
					"DEBUG=1",
					"$(inherited)",
				);
				GCC_WARN_64_TO_32_BIT_CONVERSION = YES;
				GCC_WARN_ABOUT_RETURN_TYPE = YES_ERROR;
				GCC_WARN_UNDECLARED_SELECTOR = YES;
				GCC_WARN_UNINITIALIZED_AUTOS = YES_AGGRESSIVE;
				GCC_WARN_UNUSED_FUNCTION = YES;
				GCC_WARN_UNUSED_VARIABLE = YES;
				IPHONEOS_DEPLOYMENT_TARGET = 13.4;
				MTL_ENABLE_DEBUG_INFO = INCLUDE_SOURCE;
				MTL_FAST_MATH = YES;
				ONLY_ACTIVE_ARCH = YES;
				SDKROOT = iphoneos;
				SWIFT_ACTIVE_COMPILATION_CONDITIONS = DEBUG;
				SWIFT_OPTIMIZATION_LEVEL = "-Onone";
			};
			name = Debug;
		};
		DAC5A48E24557AF300DFB2D1 /* Release */ = {
			isa = XCBuildConfiguration;
			buildSettings = {
				ALWAYS_SEARCH_USER_PATHS = NO;
				CLANG_ANALYZER_NONNULL = YES;
				CLANG_ANALYZER_NUMBER_OBJECT_CONVERSION = YES_AGGRESSIVE;
				CLANG_CXX_LANGUAGE_STANDARD = "gnu++14";
				CLANG_CXX_LIBRARY = "libc++";
				CLANG_ENABLE_MODULES = YES;
				CLANG_ENABLE_OBJC_ARC = YES;
				CLANG_ENABLE_OBJC_WEAK = YES;
				CLANG_WARN_BLOCK_CAPTURE_AUTORELEASING = YES;
				CLANG_WARN_BOOL_CONVERSION = YES;
				CLANG_WARN_COMMA = YES;
				CLANG_WARN_CONSTANT_CONVERSION = YES;
				CLANG_WARN_DEPRECATED_OBJC_IMPLEMENTATIONS = YES;
				CLANG_WARN_DIRECT_OBJC_ISA_USAGE = YES_ERROR;
				CLANG_WARN_DOCUMENTATION_COMMENTS = YES;
				CLANG_WARN_EMPTY_BODY = YES;
				CLANG_WARN_ENUM_CONVERSION = YES;
				CLANG_WARN_INFINITE_RECURSION = YES;
				CLANG_WARN_INT_CONVERSION = YES;
				CLANG_WARN_NON_LITERAL_NULL_CONVERSION = YES;
				CLANG_WARN_OBJC_IMPLICIT_RETAIN_SELF = YES;
				CLANG_WARN_OBJC_LITERAL_CONVERSION = YES;
				CLANG_WARN_OBJC_ROOT_CLASS = YES_ERROR;
				CLANG_WARN_RANGE_LOOP_ANALYSIS = YES;
				CLANG_WARN_STRICT_PROTOTYPES = YES;
				CLANG_WARN_SUSPICIOUS_MOVE = YES;
				CLANG_WARN_UNGUARDED_AVAILABILITY = YES_AGGRESSIVE;
				CLANG_WARN_UNREACHABLE_CODE = YES;
				CLANG_WARN__DUPLICATE_METHOD_MATCH = YES;
				COPY_PHASE_STRIP = NO;
				DEBUG_INFORMATION_FORMAT = "dwarf-with-dsym";
				ENABLE_NS_ASSERTIONS = NO;
				ENABLE_STRICT_OBJC_MSGSEND = YES;
				GCC_C_LANGUAGE_STANDARD = gnu11;
				GCC_NO_COMMON_BLOCKS = YES;
				GCC_WARN_64_TO_32_BIT_CONVERSION = YES;
				GCC_WARN_ABOUT_RETURN_TYPE = YES_ERROR;
				GCC_WARN_UNDECLARED_SELECTOR = YES;
				GCC_WARN_UNINITIALIZED_AUTOS = YES_AGGRESSIVE;
				GCC_WARN_UNUSED_FUNCTION = YES;
				GCC_WARN_UNUSED_VARIABLE = YES;
				IPHONEOS_DEPLOYMENT_TARGET = 13.4;
				MTL_ENABLE_DEBUG_INFO = NO;
				MTL_FAST_MATH = YES;
				SDKROOT = iphoneos;
				SWIFT_COMPILATION_MODE = wholemodule;
				SWIFT_OPTIMIZATION_LEVEL = "-O";
				VALIDATE_PRODUCT = YES;
			};
			name = Release;
		};
		DAC5A49024557AF300DFB2D1 /* Debug */ = {
			isa = XCBuildConfiguration;
			baseConfigurationReference = 0AA56754FFA2D03336F084F8 /* Pods-DiaryAppP.debug.xcconfig */;
			buildSettings = {
				ASSETCATALOG_COMPILER_APPICON_NAME = AppIcon;
				CODE_SIGN_STYLE = Automatic;
				DEVELOPMENT_TEAM = CR7H7DSK77;
				INFOPLIST_FILE = DiaryAppP/Info.plist;
				LD_RUNPATH_SEARCH_PATHS = (
					"$(inherited)",
					"@executable_path/Frameworks",
				);
				PRODUCT_BUNDLE_IDENTIFIER = com.DiaryAppP;
				PRODUCT_NAME = "$(TARGET_NAME)";
				SWIFT_VERSION = 5.0;
				TARGETED_DEVICE_FAMILY = "1,2";
			};
			name = Debug;
		};
		DAC5A49124557AF300DFB2D1 /* Release */ = {
			isa = XCBuildConfiguration;
			baseConfigurationReference = 062799A6D51BF66CBDAEC830 /* Pods-DiaryAppP.release.xcconfig */;
			buildSettings = {
				ASSETCATALOG_COMPILER_APPICON_NAME = AppIcon;
				CODE_SIGN_STYLE = Automatic;
				DEVELOPMENT_TEAM = CR7H7DSK77;
				INFOPLIST_FILE = DiaryAppP/Info.plist;
				LD_RUNPATH_SEARCH_PATHS = (
					"$(inherited)",
					"@executable_path/Frameworks",
				);
				PRODUCT_BUNDLE_IDENTIFIER = com.DiaryAppP;
				PRODUCT_NAME = "$(TARGET_NAME)";
				SWIFT_VERSION = 5.0;
				TARGETED_DEVICE_FAMILY = "1,2";
			};
			name = Release;
		};
		DAC5A49324557AF300DFB2D1 /* Debug */ = {
			isa = XCBuildConfiguration;
			baseConfigurationReference = EE34948776F81A755CDD859D /* Pods-DiaryAppPTests.debug.xcconfig */;
			buildSettings = {
				ALWAYS_EMBED_SWIFT_STANDARD_LIBRARIES = YES;
				BUNDLE_LOADER = "$(TEST_HOST)";
				CODE_SIGN_STYLE = Automatic;
				DEVELOPMENT_TEAM = CR7H7DSK77;
				INFOPLIST_FILE = DiaryAppPTests/Info.plist;
				IPHONEOS_DEPLOYMENT_TARGET = 13.4;
				LD_RUNPATH_SEARCH_PATHS = (
					"$(inherited)",
					"@executable_path/Frameworks",
					"@loader_path/Frameworks",
				);
				PRODUCT_BUNDLE_IDENTIFIER = com.DiaryAppPTests;
				PRODUCT_NAME = "$(TARGET_NAME)";
				SWIFT_VERSION = 5.0;
				TARGETED_DEVICE_FAMILY = "1,2";
				TEST_HOST = "$(BUILT_PRODUCTS_DIR)/DiaryAppP.app/DiaryAppP";
			};
			name = Debug;
		};
		DAC5A49424557AF300DFB2D1 /* Release */ = {
			isa = XCBuildConfiguration;
			baseConfigurationReference = 29239913933A5B8D9593D2FC /* Pods-DiaryAppPTests.release.xcconfig */;
			buildSettings = {
				ALWAYS_EMBED_SWIFT_STANDARD_LIBRARIES = YES;
				BUNDLE_LOADER = "$(TEST_HOST)";
				CODE_SIGN_STYLE = Automatic;
				DEVELOPMENT_TEAM = CR7H7DSK77;
				INFOPLIST_FILE = DiaryAppPTests/Info.plist;
				IPHONEOS_DEPLOYMENT_TARGET = 13.4;
				LD_RUNPATH_SEARCH_PATHS = (
					"$(inherited)",
					"@executable_path/Frameworks",
					"@loader_path/Frameworks",
				);
				PRODUCT_BUNDLE_IDENTIFIER = com.DiaryAppPTests;
				PRODUCT_NAME = "$(TARGET_NAME)";
				SWIFT_VERSION = 5.0;
				TARGETED_DEVICE_FAMILY = "1,2";
				TEST_HOST = "$(BUILT_PRODUCTS_DIR)/DiaryAppP.app/DiaryAppP";
			};
			name = Release;
		};
		DAC5A49624557AF300DFB2D1 /* Debug */ = {
			isa = XCBuildConfiguration;
			baseConfigurationReference = B881058B2B72D61BB8EE0CFB /* Pods-DiaryAppP-DiaryAppPUITests.debug.xcconfig */;
			buildSettings = {
				ALWAYS_EMBED_SWIFT_STANDARD_LIBRARIES = YES;
				CODE_SIGN_STYLE = Automatic;
				DEVELOPMENT_TEAM = CR7H7DSK77;
				INFOPLIST_FILE = DiaryAppPUITests/Info.plist;
				LD_RUNPATH_SEARCH_PATHS = (
					"$(inherited)",
					"@executable_path/Frameworks",
					"@loader_path/Frameworks",
				);
				PRODUCT_BUNDLE_IDENTIFIER = com.DiaryAppPUITests;
				PRODUCT_NAME = "$(TARGET_NAME)";
				SWIFT_VERSION = 5.0;
				TARGETED_DEVICE_FAMILY = "1,2";
				TEST_TARGET_NAME = DiaryAppP;
			};
			name = Debug;
		};
		DAC5A49724557AF300DFB2D1 /* Release */ = {
			isa = XCBuildConfiguration;
			baseConfigurationReference = A171DB855C53B0AA64EF6674 /* Pods-DiaryAppP-DiaryAppPUITests.release.xcconfig */;
			buildSettings = {
				ALWAYS_EMBED_SWIFT_STANDARD_LIBRARIES = YES;
				CODE_SIGN_STYLE = Automatic;
				DEVELOPMENT_TEAM = CR7H7DSK77;
				INFOPLIST_FILE = DiaryAppPUITests/Info.plist;
				LD_RUNPATH_SEARCH_PATHS = (
					"$(inherited)",
					"@executable_path/Frameworks",
					"@loader_path/Frameworks",
				);
				PRODUCT_BUNDLE_IDENTIFIER = com.DiaryAppPUITests;
				PRODUCT_NAME = "$(TARGET_NAME)";
				SWIFT_VERSION = 5.0;
				TARGETED_DEVICE_FAMILY = "1,2";
				TEST_TARGET_NAME = DiaryAppP;
			};
			name = Release;
		};
/* End XCBuildConfiguration section */

/* Begin XCConfigurationList section */
		DAC5A46024557AF200DFB2D1 /* Build configuration list for PBXProject "DiaryAppP" */ = {
			isa = XCConfigurationList;
			buildConfigurations = (
				DAC5A48D24557AF300DFB2D1 /* Debug */,
				DAC5A48E24557AF300DFB2D1 /* Release */,
			);
			defaultConfigurationIsVisible = 0;
			defaultConfigurationName = Release;
		};
		DAC5A48F24557AF300DFB2D1 /* Build configuration list for PBXNativeTarget "DiaryAppP" */ = {
			isa = XCConfigurationList;
			buildConfigurations = (
				DAC5A49024557AF300DFB2D1 /* Debug */,
				DAC5A49124557AF300DFB2D1 /* Release */,
			);
			defaultConfigurationIsVisible = 0;
			defaultConfigurationName = Release;
		};
		DAC5A49224557AF300DFB2D1 /* Build configuration list for PBXNativeTarget "DiaryAppPTests" */ = {
			isa = XCConfigurationList;
			buildConfigurations = (
				DAC5A49324557AF300DFB2D1 /* Debug */,
				DAC5A49424557AF300DFB2D1 /* Release */,
			);
			defaultConfigurationIsVisible = 0;
			defaultConfigurationName = Release;
		};
		DAC5A49524557AF300DFB2D1 /* Build configuration list for PBXNativeTarget "DiaryAppPUITests" */ = {
			isa = XCConfigurationList;
			buildConfigurations = (
				DAC5A49624557AF300DFB2D1 /* Debug */,
				DAC5A49724557AF300DFB2D1 /* Release */,
			);
			defaultConfigurationIsVisible = 0;
			defaultConfigurationName = Release;
		};
/* End XCConfigurationList section */
	};
	rootObject = DAC5A45D24557AF200DFB2D1 /* Project object */;
}
